Microsoft Visual Studio Solution File, Format Version 12.00
# Visual Studio Version 16
VisualStudioVersion = 16.0.28803.202
MinimumVisualStudioVersion = 10.0.40219.1
Project("{F184B08F-C81C-45F6-A57F-5ABD9991F28F}") = "WPFGridMVVMSelection", "GridMVVMSelection\WPFGridMVVMSelection.vbproj", "{79AB0AA6-6898-41A8-84F9-84F01D6ADFB4}"
EndProject
Global
	GlobalSection(SolutionConfigurationPlatforms) = preSolution
		Debug|Any CPU = Debug|Any CPU
		Release|Any CPU = Release|Any CPU
	EndGlobalSection
	GlobalSection(ProjectConfigurationPlatforms) = postSolution
		{79AB0AA6-6898-41A8-84F9-84F01D6ADFB4}.Debug|Any CPU.ActiveCfg = Debug|Any CPU
		{79AB0AA6-6898-41A8-84F9-84F01D6ADFB4}.Debug|Any CPU.Build.0 = Debug|Any CPU
		{79AB0AA6-6898-41A8-84F9-84F01D6ADFB4}.Release|Any CPU.ActiveCfg = Release|Any CPU
		{79AB0AA6-6898-41A8-84F9-84F01D6ADFB4}.Release|Any CPU.Build.0 = Release|Any CPU
	EndGlobalSection
	GlobalSection(SolutionProperties) = preSolution
		HideSolutionNode = FALSE
	EndGlobalSection
	GlobalSection(ExtensibilityGlobals) = postSolution
		SolutionGuid = {F0BEE047-1352-45D3-94BB-2F7464A5BC16}
	EndGlobalSection
EndGlobal
